
Microsoft Visual Studio Solution File, Format Version 12.00
# Visual Studio Version 16
VisualStudioVersion = 16.0.30907.101
MinimumVisualStudioVersion = 10.0.40219.1
Project("{9A19103F-16F7-4668-BE54-9A1E7A4F7556}") = "Metotlar", "Metotlar\Metotlar.csproj", "{8CBD3037-DE66-4586-8929-D6EA4F2D1167}"
EndProject
Project("{9A19103F-16F7-4668-BE54-9A1E7A4F7556}") = "Matematik", "Matematik\Matematik.csproj", "{EC74DD5C-8854-4B2B-A9E8-CB883AA4FB98}"
EndProject
Project("{FAE04EC0-301F-11D3-BF4B-00C04F79EFBC}") = "DegerVeReferansTipler", "DegerVeReferansTipler\DegerVeReferansTipler.csproj", "{4A32293D-FD09-4840-9FD1-5AE17CCCA424}"
EndProject
Global
	GlobalSection(SolutionConfigurationPlatforms) = preSolution
		Debug|Any CPU = Debug|Any CPU
		Release|Any CPU = Release|Any CPU
	EndGlobalSection
	GlobalSection(ProjectConfigurationPlatforms) = postSolution
		{8CBD3037-DE66-4586-8929-D6EA4F2D1167}.Debug|Any CPU.ActiveCfg = Debug|Any CPU
		{8CBD3037-DE66-4586-8929-D6EA4F2D1167}.Debug|Any CPU.Build.0 = Debug|Any CPU
		{8CBD3037-DE66-4586-8929-D6EA4F2D1167}.Release|Any CPU.ActiveCfg = Release|Any CPU
		{8CBD3037-DE66-4586-8929-D6EA4F2D1167}.Release|Any CPU.Build.0 = Release|Any CPU
		{EC74DD5C-8854-4B2B-A9E8-CB883AA4FB98}.Debug|Any CPU.ActiveCfg = Debug|Any CPU
		{EC74DD5C-8854-4B2B-A9E8-CB883AA4FB98}.Debug|Any CPU.Build.0 = Debug|Any CPU
		{EC74DD5C-8854-4B2B-A9E8-CB883AA4FB98}.Release|Any CPU.ActiveCfg = Release|Any CPU
		{EC74DD5C-8854-4B2B-A9E8-CB883AA4FB98}.Release|Any CPU.Build.0 = Release|Any CPU
		{4A32293D-FD09-4840-9FD1-5AE17CCCA424}.Debug|Any CPU.ActiveCfg = Debug|Any CPU
		{4A32293D-FD09-4840-9FD1-5AE17CCCA424}.Debug|Any CPU.Build.0 = Debug|Any CPU
		{4A32293D-FD09-4840-9FD1-5AE17CCCA424}.Release|Any CPU.ActiveCfg = Release|Any CPU
		{4A32293D-FD09-4840-9FD1-5AE17CCCA424}.Release|Any CPU.Build.0 = Release|Any CPU
	EndGlobalSection
	GlobalSection(SolutionProperties) = preSolution
		HideSolutionNode = FALSE
	EndGlobalSection
	GlobalSection(ExtensibilityGlobals) = postSolution
		SolutionGuid = {064CDE52-33A4-4430-B60E-929EB9A5029C}
	EndGlobalSection
EndGlobal
